// !$*UTF8*$!
{
	archiveVersion = 1;
	classes = {
	};
	objectVersion = 46;
	objects = {

/* Begin PBXBuildFile section */
		2C0738E71A8AE7B6008AD559 /* AppDelegate.swift in Sources */ = {isa = PBXBuildFile; fileRef = 2C0738E61A8AE7B6008AD559 /* AppDelegate.swift */; };
		2C0738E91A8AE7B6008AD559 /* ViewController.swift in Sources */ = {isa = PBXBuildFile; fileRef = 2C0738E81A8AE7B6008AD559 /* ViewController.swift */; };
		2C0738EC1A8AE7B6008AD559 /* Main.storyboard in Resources */ = {isa = PBXBuildFile; fileRef = 2C0738EA1A8AE7B6008AD559 /* Main.storyboard */; };
		2C0738EE1A8AE7B6008AD559 /* Images.xcassets in Resources */ = {isa = PBXBuildFile; fileRef = 2C0738ED1A8AE7B6008AD559 /* Images.xcassets */; };
		2C0738F11A8AE7B6008AD559 /* LaunchScreen.xib in Resources */ = {isa = PBXBuildFile; fileRef = 2C0738EF1A8AE7B6008AD559 /* LaunchScreen.xib */; };
		2C0738FD1A8AE7B7008AD559 /* tictactoeTests.swift in Sources */ = {isa = PBXBuildFile; fileRef = 2C0738FC1A8AE7B7008AD559 /* tictactoeTests.swift */; };
/* End PBXBuildFile section */

/* Begin PBXContainerItemProxy section */
		2C0738F71A8AE7B7008AD559 /* PBXContainerItemProxy */ = {
			isa = PBXContainerItemProxy;
			containerPortal = 2C0738D91A8AE7B6008AD559 /* Project object */;
			proxyType = 1;
			remoteGlobalIDString = 2C0738E01A8AE7B6008AD559;
			remoteInfo = tictactoe;
		};
/* End PBXContainerItemProxy section */

/* Begin PBXFileReference section */
		2C0738E11A8AE7B6008AD559 /* tictactoe.app */ = {isa = PBXFileReference; explicitFileType = wrapper.application; includeInIndex = 0; path = tictactoe.app; sourceTree = BUILT_PRODUCTS_DIR; };
		2C0738E51A8AE7B6008AD559 /* Info.plist */ = {isa = PBXFileReference; lastKnownFileType = text.plist.xml; path = Info.plist; sourceTree = "<group>"; };
		2C0738E61A8AE7B6008AD559 /* AppDelegate.swift */ = {isa = PBXFileReference; lastKnownFileType = sourcecode.swift; path = AppDelegate.swift; sourceTree = "<group>"; };
		2C0738E81A8AE7B6008AD559 /* ViewController.swift */ = {isa = PBXFileReference; lastKnownFileType = sourcecode.swift; path = ViewController.swift; sourceTree = "<group>"; };
		2C0738EB1A8AE7B6008AD559 /* Base */ = {isa = PBXFileReference; lastKnownFileType = file.storyboard; name = Base; path = Base.lproj/Main.storyboard; sourceTree = "<group>"; };
		2C0738ED1A8AE7B6008AD559 /* Images.xcassets */ = {isa = PBXFileReference; lastKnownFileType = folder.assetcatalog; path = Images.xcassets; sourceTree = "<group>"; };
		2C0738F01A8AE7B6008AD559 /* Base */ = {isa = PBXFileReference; lastKnownFileType = file.xib; name = Base; path = Base.lproj/LaunchScreen.xib; sourceTree = "<group>"; };
		2C0738F61A8AE7B7008AD559 /* tictactoeTests.xctest */ = {isa = PBXFileReference; explicitFileType = wrapper.cfbundle; includeInIndex = 0; path = tictactoeTests.xctest; sourceTree = BUILT_PRODUCTS_DIR; };
		2C0738FB1A8AE7B7008AD559 /* Info.plist */ = {isa = PBXFileReference; lastKnownFileType = text.plist.xml; path = Info.plist; sourceTree = "<group>"; };
		2C0738FC1A8AE7B7008AD559 /* tictactoeTests.swift */ = {isa = PBXFileReference; lastKnownFileType = sourcecode.swift; path = tictactoeTests.swift; sourceTree = "<group>"; };
/* End PBXFileReference section */

/* Begin PBXFrameworksBuildPhase section */
		2C0738DE1A8AE7B6008AD559 /* Frameworks */ = {
			isa = PBXFrameworksBuildPhase;
			buildActionMask = 2147483647;
			files = (
			);
			runOnlyForDeploymentPostprocessing = 0;
		};
		2C0738F31A8AE7B7008AD559 /* Frameworks */ = {
			isa = PBXFrameworksBuildPhase;
			buildActionMask = 2147483647;
			files = (
			);
			runOnlyForDeploymentPostprocessing = 0;
		};
/* End PBXFrameworksBuildPhase section */

/* Begin PBXGroup section */
		2C0738D81A8AE7B6008AD559 = {
			isa = PBXGroup;
			children = (
				2C0738E31A8AE7B6008AD559 /* tictactoe */,
				2C0738F91A8AE7B7008AD559 /* tictactoeTests */,
				2C0738E21A8AE7B6008AD559 /* Products */,
			);
			sourceTree = "<group>";
		};
		2C0738E21A8AE7B6008AD559 /* Products */ = {
			isa = PBXGroup;
			children = (
				2C0738E11A8AE7B6008AD559 /* tictactoe.app */,
				2C0738F61A8AE7B7008AD559 /* tictactoeTests.xctest */,
			);
			name = Products;
			sourceTree = "<group>";
		};
		2C0738E31A8AE7B6008AD559 /* tictactoe */ = {
			isa = PBXGroup;
			children = (
				2C0738E61A8AE7B6008AD559 /* AppDelegate.swift */,
				2C0738E81A8AE7B6008AD559 /* ViewController.swift */,
				2C0738EA1A8AE7B6008AD559 /* Main.storyboard */,
				2C0738ED1A8AE7B6008AD559 /* Images.xcassets */,
				2C0738EF1A8AE7B6008AD559 /* LaunchScreen.xib */,
				2C0738E41A8AE7B6008AD559 /* Supporting Files */,
			);
			path = tictactoe;
			sourceTree = "<group>";
		};
		2C0738E41A8AE7B6008AD559 /* Supporting Files */ = {
			isa = PBXGroup;
			children = (
				2C0738E51A8AE7B6008AD559 /* Info.plist */,
			);
			name = "Supporting Files";
			sourceTree = "<group>";
		};
		2C0738F91A8AE7B7008AD559 /* tictactoeTests */ = {
			isa = PBXGroup;
			children = (
				2C0738FC1A8AE7B7008AD559 /* tictactoeTests.swift */,
				2C0738FA1A8AE7B7008AD559 /* Supporting Files */,
			);
			path = tictactoeTests;
			sourceTree = "<group>";
		};
		2C0738FA1A8AE7B7008AD559 /* Supporting Files */ = {
			isa = PBXGroup;
			children = (
				2C0738FB1A8AE7B7008AD559 /* Info.plist */,
			);
			name = "Supporting Files";
			sourceTree = "<group>";
		};
/* End PBXGroup section */

/* Begin PBXNativeTarget section */
		2C0738E01A8AE7B6008AD559 /* tictactoe */ = {
			isa = PBXNativeTarget;
			buildConfigurationList = 2C0739001A8AE7B7008AD559 /* Build configuration list for PBXNativeTarget "tictactoe" */;
			buildPhases = (
				2C0738DD1A8AE7B6008AD559 /* Sources */,
				2C0738DE1A8AE7B6008AD559 /* Frameworks */,
				2C0738DF1A8AE7B6008AD559 /* Resources */,
			);
			buildRules = (
			);
			dependencies = (
			);
			name = tictactoe;
			productName = tictactoe;
			productReference = 2C0738E11A8AE7B6008AD559 /* tictactoe.app */;
			productType = "com.apple.product-type.application";
		};
		2C0738F51A8AE7B7008AD559 /* tictactoeTests */ = {
			isa = PBXNativeTarget;
			buildConfigurationList = 2C0739031A8AE7B7008AD559 /* Build configuration list for PBXNativeTarget "tictactoeTests" */;
			buildPhases = (
				2C0738F21A8AE7B7008AD559 /* Sources */,
				2C0738F31A8AE7B7008AD559 /* Frameworks */,
				2C0738F41A8AE7B7008AD559 /* Resources */,
			);
			buildRules = (
			);
			dependencies = (
				2C0738F81A8AE7B7008AD559 /* PBXTargetDependency */,
			);
			name = tictactoeTests;
			productName = tictactoeTests;
			productReference = 2C0738F61A8AE7B7008AD559 /* tictactoeTests.xctest */;
			productType = "com.apple.product-type.bundle.unit-test";
		};
/* End PBXNativeTarget section */

/* Begin PBXProject section */
		2C0738D91A8AE7B6008AD559 /* Project object */ = {
			isa = PBXProject;
			attributes = {
				LastUpgradeCheck = 0610;
				ORGANIZATIONNAME = Marcus;
				TargetAttributes = {
					2C0738E01A8AE7B6008AD559 = {
						CreatedOnToolsVersion = 6.1.1;
					};
					2C0738F51A8AE7B7008AD559 = {
						CreatedOnToolsVersion = 6.1.1;
						TestTargetID = 2C0738E01A8AE7B6008AD559;
					};
				};
			};
			buildConfigurationList = 2C0738DC1A8AE7B6008AD559 /* Build configuration list for PBXProject "tictactoe" */;
			compatibilityVersion = "Xcode 3.2";
			developmentRegion = English;
			hasScannedForEncodings = 0;
			knownRegions = (
				en,
				Base,
			);
			mainGroup = 2C0738D81A8AE7B6008AD559;
			productRefGroup = 2C0738E21A8AE7B6008AD559 /* Products */;
			projectDirPath = "";
			projectRoot = "";
			targets = (
				2C0738E01A8AE7B6008AD559 /* tictactoe */,
				2C0738F51A8AE7B7008AD559 /* tictactoeTests */,
			);
		};
/* End PBXProject section */

/* Begin PBXResourcesBuildPhase section */
		2C0738DF1A8AE7B6008AD559 /* Resources */ = {
			isa = PBXResourcesBuildPhase;
			buildActionMask = 2147483647;
			files = (
				2C0738EC1A8AE7B6008AD559 /* Main.storyboard in Resources */,
				2C0738F11A8AE7B6008AD559 /* LaunchScreen.xib in Resources */,
				2C0738EE1A8AE7B6008AD559 /* Images.xcassets in Resources */,
			);
			runOnlyForDeploymentPostprocessing = 0;
		};
		2C0738F41A8AE7B7008AD559 /* Resources */ = {
			isa = PBXResourcesBuildPhase;
			buildActionMask = 2147483647;
			files = (
			);
			runOnlyForDeploymentPostprocessing = 0;
		};
/* End PBXResourcesBuildPhase section */

/* Begin PBXSourcesBuildPhase section */
		2C0738DD1A8AE7B6008AD559 /* Sources */ = {
			isa = PBXSourcesBuildPhase;
			buildActionMask = 2147483647;
			files = (
				2C0738E91A8AE7B6008AD559 /* ViewController.swift in Sources */,
				2C0738E71A8AE7B6008AD559 /* AppDelegate.swift in Sources */,
			);
			runOnlyForDeploymentPostprocessing = 0;
		};
		2C0738F21A8AE7B7008AD559 /* Sources */ = {
			isa = PBXSourcesBuildPhase;
			buildActionMask = 2147483647;
			files = (
				2C0738FD1A8AE7B7008AD559 /* tictactoeTests.swift in Sources */,
			);
			runOnlyForDeploymentPostprocessing = 0;
		};
/* End PBXSourcesBuildPhase section */

/* Begin PBXTargetDependency section */
		2C0738F81A8AE7B7008AD559 /* PBXTargetDependency */ = {
			isa = PBXTargetDependency;
			target = 2C0738E01A8AE7B6008AD559 /* tictactoe */;
			targetProxy = 2C0738F71A8AE7B7008AD559 /* PBXContainerItemProxy */;
		};
/* End PBXTargetDependency section */

/* Begin PBXVariantGroup section */
		2C0738EA1A8AE7B6008AD559 /* Main.storyboard */ = {
			isa = PBXVariantGroup;
			children = (
				2C0738EB1A8AE7B6008AD559 /* Base */,
			);
			name = Main.storyboard;
			sourceTree = "<group>";
		};
		2C0738EF1A8AE7B6008AD559 /* LaunchScreen.xib */ = {
			isa = PBXVariantGroup;
			children = (
				2C0738F01A8AE7B6008AD559 /* Base */,
			);
			name = LaunchScreen.xib;
			sourceTree = "<group>";
		};
/* End PBXVariantGroup section */

/* Begin XCBuildConfiguration section */
		2C0738FE1A8AE7B7008AD559 /* Debug */ = {
			isa = XCBuildConfiguration;
			buildSettings = {
				ALWAYS_SEARCH_USER_PATHS = NO;
				CLANG_CXX_LANGUAGE_STANDARD = "gnu++0x";
				CLANG_CXX_LIBRARY = "libc++";
				CLANG_ENABLE_MODULES = YES;
				CLANG_ENABLE_OBJC_ARC = YES;
				CLANG_WARN_BOOL_CONVERSION = YES;
				CLANG_WARN_CONSTANT_CONVERSION = YES;
				CLANG_WARN_DIRECT_OBJC_ISA_USAGE = YES_ERROR;
				CLANG_WARN_EMPTY_BODY = YES;
				CLANG_WARN_ENUM_CONVERSION = YES;
				CLANG_WARN_INT_CONVERSION = YES;
				CLANG_WARN_OBJC_ROOT_CLASS = YES_ERROR;
				CLANG_WARN_UNREACHABLE_CODE = YES;
				CLANG_WARN__DUPLICATE_METHOD_MATCH = YES;
				"CODE_SIGN_IDENTITY[sdk=iphoneos*]" = "iPhone Developer";
				COPY_PHASE_STRIP = NO;
				ENABLE_STRICT_OBJC_MSGSEND = YES;
				GCC_C_LANGUAGE_STANDARD = gnu99;
				GCC_DYNAMIC_NO_PIC = NO;
				GCC_OPTIMIZATION_LEVEL = 0;
				GCC_PREPROCESSOR_DEFINITIONS = (
					"DEBUG=1",
					"$(inherited)",
				);
				GCC_SYMBOLS_PRIVATE_EXTERN = NO;
				GCC_WARN_64_TO_32_BIT_CONVERSION = YES;
				GCC_WARN_ABOUT_RETURN_TYPE = YES_ERROR;
				GCC_WARN_UNDECLARED_SELECTOR = YES;
				GCC_WARN_UNINITIALIZED_AUTOS = YES_AGGRESSIVE;
				GCC_WARN_UNUSED_FUNCTION = YES;
				GCC_WARN_UNUSED_VARIABLE = YES;
				IPHONEOS_DEPLOYMENT_TARGET = 8.1;
				MTL_ENABLE_DEBUG_INFO = YES;
				ONLY_ACTIVE_ARCH = YES;
				SDKROOT = iphoneos;
				SWIFT_OPTIMIZATION_LEVEL = "-Onone";
				TARGETED_DEVICE_FAMILY = "1,2";
			};
			name = Debug;
		};
		2C0738FF1A8AE7B7008AD559 /* Release */ = {
			isa = XCBuildConfiguration;
			buildSettings = {
				ALWAYS_SEARCH_USER_PATHS = NO;
				CLANG_CXX_LANGUAGE_STANDARD = "gnu++0x";
				CLANG_CXX_LIBRARY = "libc++";
				CLANG_ENABLE_MODULES = YES;
				CLANG_ENABLE_OBJC_ARC = YES;
				CLANG_WARN_BOOL_CONVERSION = YES;
				CLANG_WARN_CONSTANT_CONVERSION = YES;
				CLANG_WARN_DIRECT_OBJC_ISA_USAGE = YES_ERROR;
				CLANG_WARN_EMPTY_BODY = YES;
				CLANG_WARN_ENUM_CONVERSION = YES;
				CLANG_WARN_INT_CONVERSION = YES;
				CLANG_WARN_OBJC_ROOT_CLASS = YES_ERROR;
				CLANG_WARN_UNREACHABLE_CODE = YES;
				CLANG_WARN__DUPLICATE_METHOD_MATCH = YES;
				"CODE_SIGN_IDENTITY[sdk=iphoneos*]" = "iPhone Developer";
				COPY_PHASE_STRIP = YES;
				ENABLE_NS_ASSERTIONS = NO;
				ENABLE_STRICT_OBJC_MSGSEND = YES;
				GCC_C_LANGUAGE_STANDARD = gnu99;
				GCC_WARN_64_TO_32_BIT_CONVERSION = YES;
				GCC_WARN_ABOUT_RETURN_TYPE = YES_ERROR;
				GCC_WARN_UNDECLARED_SELECTOR = YES;
				GCC_WARN_UNINITIALIZED_AUTOS = YES_AGGRESSIVE;
				GCC_WARN_UNUSED_FUNCTION = YES;
				GCC_WARN_UNUSED_VARIABLE = YES;
				IPHONEOS_DEPLOYMENT_TARGET = 8.1;
				MTL_ENABLE_DEBUG_INFO = NO;
				SDKROOT = iphoneos;
				TARGETED_DEVICE_FAMILY = "1,2";
				VALIDATE_PRODUCT = YES;
			};
			name = Release;
		};
		2C0739011A8AE7B7008AD559 /* Debug */ = {
			isa = XCBuildConfiguration;
			buildSettings = {
				ASSETCATALOG_COMPILER_APPICON_NAME = AppIcon;
				INFOPLIST_FILE = tictactoe/Info.plist;
				LD_RUNPATH_SEARCH_PATHS = "$(inherited) @executable_path/Frameworks";
				PRODUCT_NAME = "$(TARGET_NAME)";
			};
			name = Debug;
		};
		2C0739021A8AE7B7008AD559 /* Release */ = {
			isa = XCBuildConfiguration;
			buildSettings = {
				ASSETCATALOG_COMPILER_APPICON_NAME = AppIcon;
				INFOPLIST_FILE = tictactoe/Info.plist;
				LD_RUNPATH_SEARCH_PATHS = "$(inherited) @executable_path/Frameworks";
				PRODUCT_NAME = "$(TARGET_NAME)";
			};
			name = Release;
		};
		2C0739041A8AE7B7008AD559 /* Debug */ = {
			isa = XCBuildConfiguration;
			buildSettings = {
				BUNDLE_LOADER = "$(TEST_HOST)";
				FRAMEWORK_SEARCH_PATHS = (
					"$(SDKROOT)/Developer/Library/Frameworks",
					"$(inherited)",
				);
				GCC_PREPROCESSOR_DEFINITIONS = (
					"DEBUG=1",
					"$(inherited)",
				);
				INFOPLIST_FILE = tictactoeTests/Info.plist;
				LD_RUNPATH_SEARCH_PATHS = "$(inherited) @executable_path/Frameworks @loader_path/Frameworks";
				PRODUCT_NAME = "$(TARGET_NAME)";
				TEST_HOST = "$(BUILT_PRODUCTS_DIR)/tictactoe.app/tictactoe";
			};
			name = Debug;
		};
		2C0739051A8AE7B7008AD559 /* Release */ = {
			isa = XCBuildConfiguration;
			buildSettings = {
				BUNDLE_LOADER = "$(TEST_HOST)";
				FRAMEWORK_SEARCH_PATHS = (
					"$(SDKROOT)/Developer/Library/Frameworks",
					"$(inherited)",
				);
				INFOPLIST_FILE = tictactoeTests/Info.plist;
				LD_RUNPATH_SEARCH_PATHS = "$(inherited) @executable_path/Frameworks @loader_path/Frameworks";
				PRODUCT_NAME = "$(TARGET_NAME)";
				TEST_HOST = "$(BUILT_PRODUCTS_DIR)/tictactoe.app/tictactoe";
			};
			name = Release;
		};
/* End XCBuildConfiguration section */

/* Begin XCConfigurationList section */
		2C0738DC1A8AE7B6008AD559 /* Build configuration list for PBXProject "tictactoe" */ = {
			isa = XCConfigurationList;
			buildConfigurations = (
				2C0738FE1A8AE7B7008AD559 /* Debug */,
				2C0738FF1A8AE7B7008AD559 /* Release */,
			);
			defaultConfigurationIsVisible = 0;
			defaultConfigurationName = Release;
		};
		2C0739001A8AE7B7008AD559 /* Build configuration list for PBXNativeTarget "tictactoe" */ = {
			isa = XCConfigurationList;
			buildConfigurations = (
				2C0739011A8AE7B7008AD559 /* Debug */,
				2C0739021A8AE7B7008AD559 /* Release */,
			);
			defaultConfigurationIsVisible = 0;
		};
		2C0739031A8AE7B7008AD559 /* Build configuration list for PBXNativeTarget "tictactoeTests" */ = {
			isa = XCConfigurationList;
			buildConfigurations = (
				2C0739041A8AE7B7008AD559 /* Debug */,
				2C0739051A8AE7B7008AD559 /* Release */,
			);
			defaultConfigurationIsVisible = 0;
		};
/* End XCConfigurationList section */
	};
	rootObject = 2C0738D91A8AE7B6008AD559 /* Project object */;
}
